
Microsoft Visual Studio Solution File, Format Version 12.00
# Visual Studio 14
VisualStudioVersion = 14.0.25420.1
MinimumVisualStudioVersion = 10.0.40219.1
Project("{8BC9CEB8-8B4A-11D0-8D11-00A0C91BC942}") = "StockArray", "StockArray\StockArray.vcxproj", "{A0525CFD-D7D6-4D52-A3E1-B9C5415A67E4}"
EndProject
Project("{8BC9CEB8-8B4A-11D0-8D11-00A0C91BC942}") = "RotateArray", "RotateArray\RotateArray.vcxproj", "{522BBBE7-D3F3-45B2-8764-DA9E526E0931}"
EndProject
Project("{8BC9CEB8-8B4A-11D0-8D11-00A0C91BC942}") = "URLify", "URLify\URLify.vcxproj", "{641402D4-820A-4698-ADBF-9C08D6B214B4}"
EndProject
Project("{8BC9CEB8-8B4A-11D0-8D11-00A0C91BC942}") = "RemoveDuplicates", "RemoveDuplicates\RemoveDuplicates.vcxproj", "{E5379E3E-8262-441A-AB8D-E00B1C6351A9}"
EndProject
Project("{8BC9CEB8-8B4A-11D0-8D11-00A0C91BC942}") = "KthToLast", "KthToLast\KthToLast.vcxproj", "{8AC4381A-0CE6-45EB-A370-BCC16D450081}"
EndProject
Project("{8BC9CEB8-8B4A-11D0-8D11-00A0C91BC942}") = "DeleteMiddleNode", "DeleteMiddleNode\DeleteMiddleNode.vcxproj", "{8719E3B7-3B64-4B30-A162-12C28CF17CC7}"
EndProject
Project("{8BC9CEB8-8B4A-11D0-8D11-00A0C91BC942}") = "Partition", "Partition\Partition.vcxproj", "{BB19287C-0194-4E0C-9D5E-5DC36B90203C}"
EndProject
Project("{8BC9CEB8-8B4A-11D0-8D11-00A0C91BC942}") = "SumLists", "SumLists\SumLists.vcxproj", "{96609E96-A2C2-415B-B856-62965EE58F31}"
EndProject
Project("{8BC9CEB8-8B4A-11D0-8D11-00A0C91BC942}") = "ArrayAsStack", "ArrayAsStack\ArrayAsStack.vcxproj", "{E54DD796-E89C-428D-87ED-8B783FAA8737}"
EndProject
Project("{8BC9CEB8-8B4A-11D0-8D11-00A0C91BC942}") = "MinStack", "MinStack\MinStack.vcxproj", "{13941B92-CE41-42C7-AD05-CC87D6641E60}"
EndProject
Global
	GlobalSection(SolutionConfigurationPlatforms) = preSolution
		Debug|x64 = Debug|x64
		Debug|x86 = Debug|x86
		Release|x64 = Release|x64
		Release|x86 = Release|x86
	EndGlobalSection
	GlobalSection(ProjectConfigurationPlatforms) = postSolution
		{A0525CFD-D7D6-4D52-A3E1-B9C5415A67E4}.Debug|x64.ActiveCfg = Debug|x64
		{A0525CFD-D7D6-4D52-A3E1-B9C5415A67E4}.Debug|x64.Build.0 = Debug|x64
		{A0525CFD-D7D6-4D52-A3E1-B9C5415A67E4}.Debug|x86.ActiveCfg = Debug|Win32
		{A0525CFD-D7D6-4D52-A3E1-B9C5415A67E4}.Release|x64.ActiveCfg = Release|x64
		{A0525CFD-D7D6-4D52-A3E1-B9C5415A67E4}.Release|x64.Build.0 = Release|x64
		{A0525CFD-D7D6-4D52-A3E1-B9C5415A67E4}.Release|x86.ActiveCfg = Release|Win32
		{A0525CFD-D7D6-4D52-A3E1-B9C5415A67E4}.Release|x86.Build.0 = Release|Win32
		{522BBBE7-D3F3-45B2-8764-DA9E526E0931}.Debug|x64.ActiveCfg = Debug|x64
		{522BBBE7-D3F3-45B2-8764-DA9E526E0931}.Debug|x64.Build.0 = Debug|x64
		{522BBBE7-D3F3-45B2-8764-DA9E526E0931}.Debug|x86.ActiveCfg = Debug|Win32
		{522BBBE7-D3F3-45B2-8764-DA9E526E0931}.Debug|x86.Build.0 = Debug|Win32
		{522BBBE7-D3F3-45B2-8764-DA9E526E0931}.Release|x64.ActiveCfg = Release|x64
		{522BBBE7-D3F3-45B2-8764-DA9E526E0931}.Release|x64.Build.0 = Release|x64
		{522BBBE7-D3F3-45B2-8764-DA9E526E0931}.Release|x86.ActiveCfg = Release|Win32
		{522BBBE7-D3F3-45B2-8764-DA9E526E0931}.Release|x86.Build.0 = Release|Win32
		{641402D4-820A-4698-ADBF-9C08D6B214B4}.Debug|x64.ActiveCfg = Debug|x64
		{641402D4-820A-4698-ADBF-9C08D6B214B4}.Debug|x64.Build.0 = Debug|x64
		{641402D4-820A-4698-ADBF-9C08D6B214B4}.Debug|x86.ActiveCfg = Debug|Win32
		{641402D4-820A-4698-ADBF-9C08D6B214B4}.Debug|x86.Build.0 = Debug|Win32
		{641402D4-820A-4698-ADBF-9C08D6B214B4}.Release|x64.ActiveCfg = Release|x64
		{641402D4-820A-4698-ADBF-9C08D6B214B4}.Release|x64.Build.0 = Release|x64
		{641402D4-820A-4698-ADBF-9C08D6B214B4}.Release|x86.ActiveCfg = Release|Win32
		{641402D4-820A-4698-ADBF-9C08D6B214B4}.Release|x86.Build.0 = Release|Win32
		{E5379E3E-8262-441A-AB8D-E00B1C6351A9}.Debug|x64.ActiveCfg = Debug|x64
		{E5379E3E-8262-441A-AB8D-E00B1C6351A9}.Debug|x64.Build.0 = Debug|x64
		{E5379E3E-8262-441A-AB8D-E00B1C6351A9}.Debug|x86.ActiveCfg = Debug|Win32
		{E5379E3E-8262-441A-AB8D-E00B1C6351A9}.Debug|x86.Build.0 = Debug|Win32
		{E5379E3E-8262-441A-AB8D-E00B1C6351A9}.Release|x64.ActiveCfg = Release|x64
		{E5379E3E-8262-441A-AB8D-E00B1C6351A9}.Release|x64.Build.0 = Release|x64
		{E5379E3E-8262-441A-AB8D-E00B1C6351A9}.Release|x86.ActiveCfg = Release|Win32
		{E5379E3E-8262-441A-AB8D-E00B1C6351A9}.Release|x86.Build.0 = Release|Win32
		{8AC4381A-0CE6-45EB-A370-BCC16D450081}.Debug|x64.ActiveCfg = Debug|x64
		{8AC4381A-0CE6-45EB-A370-BCC16D450081}.Debug|x64.Build.0 = Debug|x64
		{8AC4381A-0CE6-45EB-A370-BCC16D450081}.Debug|x86.ActiveCfg = Debug|Win32
		{8AC4381A-0CE6-45EB-A370-BCC16D450081}.Debug|x86.Build.0 = Debug|Win32
		{8AC4381A-0CE6-45EB-A370-BCC16D450081}.Release|x64.ActiveCfg = Release|x64
		{8AC4381A-0CE6-45EB-A370-BCC16D450081}.Release|x64.Build.0 = Release|x64
		{8AC4381A-0CE6-45EB-A370-BCC16D450081}.Release|x86.ActiveCfg = Release|Win32
		{8AC4381A-0CE6-45EB-A370-BCC16D450081}.Release|x86.Build.0 = Release|Win32
		{8719E3B7-3B64-4B30-A162-12C28CF17CC7}.Debug|x64.ActiveCfg = Debug|x64
		{8719E3B7-3B64-4B30-A162-12C28CF17CC7}.Debug|x64.Build.0 = Debug|x64
		{8719E3B7-3B64-4B30-A162-12C28CF17CC7}.Debug|x86.ActiveCfg = Debug|Win32
		{8719E3B7-3B64-4B30-A162-12C28CF17CC7}.Debug|x86.Build.0 = Debug|Win32
		{8719E3B7-3B64-4B30-A162-12C28CF17CC7}.Release|x64.ActiveCfg = Release|x64
		{8719E3B7-3B64-4B30-A162-12C28CF17CC7}.Release|x64.Build.0 = Release|x64
		{8719E3B7-3B64-4B30-A162-12C28CF17CC7}.Release|x86.ActiveCfg = Release|Win32
		{8719E3B7-3B64-4B30-A162-12C28CF17CC7}.Release|x86.Build.0 = Release|Win32
		{BB19287C-0194-4E0C-9D5E-5DC36B90203C}.Debug|x64.ActiveCfg = Debug|x64
		{BB19287C-0194-4E0C-9D5E-5DC36B90203C}.Debug|x64.Build.0 = Debug|x64
		{BB19287C-0194-4E0C-9D5E-5DC36B90203C}.Debug|x86.ActiveCfg = Debug|Win32
		{BB19287C-0194-4E0C-9D5E-5DC36B90203C}.Debug|x86.Build.0 = Debug|Win32
		{BB19287C-0194-4E0C-9D5E-5DC36B90203C}.Release|x64.ActiveCfg = Release|x64
		{BB19287C-0194-4E0C-9D5E-5DC36B90203C}.Release|x64.Build.0 = Release|x64
		{BB19287C-0194-4E0C-9D5E-5DC36B90203C}.Release|x86.ActiveCfg = Release|Win32
		{BB19287C-0194-4E0C-9D5E-5DC36B90203C}.Release|x86.Build.0 = Release|Win32
		{96609E96-A2C2-415B-B856-62965EE58F31}.Debug|x64.ActiveCfg = Debug|x64
		{96609E96-A2C2-415B-B856-62965EE58F31}.Debug|x64.Build.0 = Debug|x64
		{96609E96-A2C2-415B-B856-62965EE58F31}.Debug|x86.ActiveCfg = Debug|Win32
		{96609E96-A2C2-415B-B856-62965EE58F31}.Debug|x86.Build.0 = Debug|Win32
		{96609E96-A2C2-415B-B856-62965EE58F31}.Release|x64.ActiveCfg = Release|x64
		{96609E96-A2C2-415B-B856-62965EE58F31}.Release|x64.Build.0 = Release|x64
		{96609E96-A2C2-415B-B856-62965EE58F31}.Release|x86.ActiveCfg = Release|Win32
		{96609E96-A2C2-415B-B856-62965EE58F31}.Release|x86.Build.0 = Release|Win32
		{E54DD796-E89C-428D-87ED-8B783FAA8737}.Debug|x64.ActiveCfg = Debug|x64
		{E54DD796-E89C-428D-87ED-8B783FAA8737}.Debug|x64.Build.0 = Debug|x64
		{E54DD796-E89C-428D-87ED-8B783FAA8737}.Debug|x86.ActiveCfg = Debug|Win32
		{E54DD796-E89C-428D-87ED-8B783FAA8737}.Debug|x86.Build.0 = Debug|Win32
		{E54DD796-E89C-428D-87ED-8B783FAA8737}.Release|x64.ActiveCfg = Release|x64
		{E54DD796-E89C-428D-87ED-8B783FAA8737}.Release|x64.Build.0 = Release|x64
		{E54DD796-E89C-428D-87ED-8B783FAA8737}.Release|x86.ActiveCfg = Release|Win32
		{E54DD796-E89C-428D-87ED-8B783FAA8737}.Release|x86.Build.0 = Release|Win32
		{13941B92-CE41-42C7-AD05-CC87D6641E60}.Debug|x64.ActiveCfg = Debug|x64
		{13941B92-CE41-42C7-AD05-CC87D6641E60}.Debug|x64.Build.0 = Debug|x64
		{13941B92-CE41-42C7-AD05-CC87D6641E60}.Debug|x86.ActiveCfg = Debug|Win32
		{13941B92-CE41-42C7-AD05-CC87D6641E60}.Debug|x86.Build.0 = Debug|Win32
		{13941B92-CE41-42C7-AD05-CC87D6641E60}.Release|x64.ActiveCfg = Release|x64
		{13941B92-CE41-42C7-AD05-CC87D6641E60}.Release|x64.Build.0 = Release|x64
		{13941B92-CE41-42C7-AD05-CC87D6641E60}.Release|x86.ActiveCfg = Release|Win32
		{13941B92-CE41-42C7-AD05-CC87D6641E60}.Release|x86.Build.0 = Release|Win32
	EndGlobalSection
	GlobalSection(SolutionProperties) = preSolution
		HideSolutionNode = FALSE
	EndGlobalSection
EndGlobal
